// !$*UTF8*$!
{
	archiveVersion = 1;
	classes = {
	};
	objectVersion = 46;
	objects = {

/* Begin PBXBuildFile section */
		AB3FF3891EEBF05700852798 /* Tools.m in Sources */ = {isa = PBXBuildFile; fileRef = AB3FF3881EEBF05700852798 /* Tools.m */; };
		AB524D611EEA311C00871B87 /* Cell1.xib in Resources */ = {isa = PBXBuildFile; fileRef = AB524D601EEA311C00871B87 /* Cell1.xib */; };
		AB524D641EEA321500871B87 /* TableViewController.m in Sources */ = {isa = PBXBuildFile; fileRef = AB524D631EEA321500871B87 /* TableViewController.m */; };
		AB524D661EEA347800871B87 /* Cell2.xib in Resources */ = {isa = PBXBuildFile; fileRef = AB524D651EEA347800871B87 /* Cell2.xib */; };
		AB524D691EEA363800871B87 /* Cell1.m in Sources */ = {isa = PBXBuildFile; fileRef = AB524D681EEA363800871B87 /* Cell1.m */; };
		AB524D6C1EEA365F00871B87 /* Cell2.m in Sources */ = {isa = PBXBuildFile; fileRef = AB524D6B1EEA365F00871B87 /* Cell2.m */; };
		AB524D701EEA366F00871B87 /* Cell3.m in Sources */ = {isa = PBXBuildFile; fileRef = AB524D6E1EEA366F00871B87 /* Cell3.m */; };
		AB524D7B1EEA496C00871B87 /* CellFactory.m in Sources */ = {isa = PBXBuildFile; fileRef = AB524D7A1EEA496C00871B87 /* CellFactory.m */; };
		AB6E83A41EEE5CF100D3FD07 /* Cell3.xib in Resources */ = {isa = PBXBuildFile; fileRef = AB6E83A31EEE5CF100D3FD07 /* Cell3.xib */; };
		AB6E83A61EEE5E9400D3FD07 /* Cell4.xib in Resources */ = {isa = PBXBuildFile; fileRef = AB6E83A51EEE5E9400D3FD07 /* Cell4.xib */; };
		AB6E83A91EEE5ED000D3FD07 /* Cell4.m in Sources */ = {isa = PBXBuildFile; fileRef = AB6E83A81EEE5ED000D3FD07 /* Cell4.m */; };
		AB8060B51EE9443E003340CD /* main.m in Sources */ = {isa = PBXBuildFile; fileRef = AB8060B41EE9443E003340CD /* main.m */; };
		AB8060B81EE9443E003340CD /* AppDelegate.m in Sources */ = {isa = PBXBuildFile; fileRef = AB8060B71EE9443E003340CD /* AppDelegate.m */; };
		AB8060BB1EE9443E003340CD /* ViewController.m in Sources */ = {isa = PBXBuildFile; fileRef = AB8060BA1EE9443E003340CD /* ViewController.m */; };
		AB8060BE1EE9443E003340CD /* Main.storyboard in Resources */ = {isa = PBXBuildFile; fileRef = AB8060BC1EE9443E003340CD /* Main.storyboard */; };
		AB8060C01EE9443E003340CD /* Assets.xcassets in Resources */ = {isa = PBXBuildFile; fileRef = AB8060BF1EE9443E003340CD /* Assets.xcassets */; };
		AB8060C31EE9443E003340CD /* LaunchScreen.storyboard in Resources */ = {isa = PBXBuildFile; fileRef = AB8060C11EE9443E003340CD /* LaunchScreen.storyboard */; };
		AB8060CE1EE9443E003340CD /* protoclModelTests.m in Sources */ = {isa = PBXBuildFile; fileRef = AB8060CD1EE9443E003340CD /* protoclModelTests.m */; };
		AB8060D91EE9443E003340CD /* protoclModelUITests.m in Sources */ = {isa = PBXBuildFile; fileRef = AB8060D81EE9443E003340CD /* protoclModelUITests.m */; };
		AB8060E81EE94475003340CD /* View1.m in Sources */ = {isa = PBXBuildFile; fileRef = AB8060E71EE94475003340CD /* View1.m */; };
		AB8060EB1EE944BF003340CD /* View2.m in Sources */ = {isa = PBXBuildFile; fileRef = AB8060EA1EE944BF003340CD /* View2.m */; };
		AB8060EF1EE94CA1003340CD /* ViewFactory.m in Sources */ = {isa = PBXBuildFile; fileRef = AB8060EE1EE94CA1003340CD /* ViewFactory.m */; };
/* End PBXBuildFile section */

/* Begin PBXContainerItemProxy section */
		AB8060CA1EE9443E003340CD /* PBXContainerItemProxy */ = {
			isa = PBXContainerItemProxy;
			containerPortal = AB8060A81EE9443E003340CD /* Project object */;
			proxyType = 1;
			remoteGlobalIDString = AB8060AF1EE9443E003340CD;
			remoteInfo = protoclModel;
		};
		AB8060D51EE9443E003340CD /* PBXContainerItemProxy */ = {
			isa = PBXContainerItemProxy;
			containerPortal = AB8060A81EE9443E003340CD /* Project object */;
			proxyType = 1;
			remoteGlobalIDString = AB8060AF1EE9443E003340CD;
			remoteInfo = protoclModel;
		};
/* End PBXContainerItemProxy section */

/* Begin PBXFileReference section */
		AB3FF3871EEBF05700852798 /* Tools.h */ = {isa = PBXFileReference; fileEncoding = 4; lastKnownFileType = sourcecode.c.h; path = Tools.h; sourceTree = "<group>"; };
		AB3FF3881EEBF05700852798 /* Tools.m */ = {isa = PBXFileReference; fileEncoding = 4; lastKnownFileType = sourcecode.c.objc; path = Tools.m; sourceTree = "<group>"; };
		AB524D601EEA311C00871B87 /* Cell1.xib */ = {isa = PBXFileReference; fileEncoding = 4; lastKnownFileType = file.xib; name = Cell1.xib; path = ../Cell1.xib; sourceTree = "<group>"; };
		AB524D621EEA321500871B87 /* TableViewController.h */ = {isa = PBXFileReference; fileEncoding = 4; lastKnownFileType = sourcecode.c.h; path = TableViewController.h; sourceTree = "<group>"; };
		AB524D631EEA321500871B87 /* TableViewController.m */ = {isa = PBXFileReference; fileEncoding = 4; lastKnownFileType = sourcecode.c.objc; path = TableViewController.m; sourceTree = "<group>"; };
		AB524D651EEA347800871B87 /* Cell2.xib */ = {isa = PBXFileReference; fileEncoding = 4; lastKnownFileType = file.xib; name = Cell2.xib; path = ../Cell2.xib; sourceTree = "<group>"; };
		AB524D671EEA363800871B87 /* Cell1.h */ = {isa = PBXFileReference; fileEncoding = 4; lastKnownFileType = sourcecode.c.h; name = Cell1.h; path = ../Cell1.h; sourceTree = "<group>"; };
		AB524D681EEA363800871B87 /* Cell1.m */ = {isa = PBXFileReference; fileEncoding = 4; lastKnownFileType = sourcecode.c.objc; name = Cell1.m; path = ../Cell1.m; sourceTree = "<group>"; };
		AB524D6A1EEA365F00871B87 /* Cell2.h */ = {isa = PBXFileReference; fileEncoding = 4; lastKnownFileType = sourcecode.c.h; name = Cell2.h; path = ../Cell2.h; sourceTree = "<group>"; };
		AB524D6B1EEA365F00871B87 /* Cell2.m */ = {isa = PBXFileReference; fileEncoding = 4; lastKnownFileType = sourcecode.c.objc; name = Cell2.m; path = ../Cell2.m; sourceTree = "<group>"; };
		AB524D6D1EEA366F00871B87 /* Cell3.h */ = {isa = PBXFileReference; fileEncoding = 4; lastKnownFileType = sourcecode.c.h; name = Cell3.h; path = ../Cell3.h; sourceTree = "<group>"; };
		AB524D6E1EEA366F00871B87 /* Cell3.m */ = {isa = PBXFileReference; fileEncoding = 4; lastKnownFileType = sourcecode.c.objc; name = Cell3.m; path = ../Cell3.m; sourceTree = "<group>"; };
		AB524D781EEA46F400871B87 /* cellModel.h */ = {isa = PBXFileReference; fileEncoding = 4; lastKnownFileType = sourcecode.c.h; path = cellModel.h; sourceTree = "<group>"; };
		AB524D791EEA496C00871B87 /* CellFactory.h */ = {isa = PBXFileReference; fileEncoding = 4; lastKnownFileType = sourcecode.c.h; path = CellFactory.h; sourceTree = "<group>"; };
		AB524D7A1EEA496C00871B87 /* CellFactory.m */ = {isa = PBXFileReference; fileEncoding = 4; lastKnownFileType = sourcecode.c.objc; path = CellFactory.m; sourceTree = "<group>"; };
		AB6E83A31EEE5CF100D3FD07 /* Cell3.xib */ = {isa = PBXFileReference; fileEncoding = 4; lastKnownFileType = file.xib; path = Cell3.xib; sourceTree = "<group>"; };
		AB6E83A51EEE5E9400D3FD07 /* Cell4.xib */ = {isa = PBXFileReference; fileEncoding = 4; lastKnownFileType = file.xib; path = Cell4.xib; sourceTree = "<group>"; };
		AB6E83A71EEE5ED000D3FD07 /* Cell4.h */ = {isa = PBXFileReference; fileEncoding = 4; lastKnownFileType = sourcecode.c.h; path = Cell4.h; sourceTree = "<group>"; };
		AB6E83A81EEE5ED000D3FD07 /* Cell4.m */ = {isa = PBXFileReference; fileEncoding = 4; lastKnownFileType = sourcecode.c.objc; path = Cell4.m; sourceTree = "<group>"; };
		AB8060B01EE9443E003340CD /* protoclModel.app */ = {isa = PBXFileReference; explicitFileType = wrapper.application; includeInIndex = 0; path = protoclModel.app; sourceTree = BUILT_PRODUCTS_DIR; };
		AB8060B41EE9443E003340CD /* main.m */ = {isa = PBXFileReference; lastKnownFileType = sourcecode.c.objc; path = main.m; sourceTree = "<group>"; };
		AB8060B61EE9443E003340CD /* AppDelegate.h */ = {isa = PBXFileReference; lastKnownFileType = sourcecode.c.h; path = AppDelegate.h; sourceTree = "<group>"; };
		AB8060B71EE9443E003340CD /* AppDelegate.m */ = {isa = PBXFileReference; lastKnownFileType = sourcecode.c.objc; path = AppDelegate.m; sourceTree = "<group>"; };
		AB8060B91EE9443E003340CD /* ViewController.h */ = {isa = PBXFileReference; lastKnownFileType = sourcecode.c.h; path = ViewController.h; sourceTree = "<group>"; };
		AB8060BA1EE9443E003340CD /* ViewController.m */ = {isa = PBXFileReference; lastKnownFileType = sourcecode.c.objc; path = ViewController.m; sourceTree = "<group>"; };
		AB8060BD1EE9443E003340CD /* Base */ = {isa = PBXFileReference; lastKnownFileType = file.storyboard; name = Base; path = Base.lproj/Main.storyboard; sourceTree = "<group>"; };
		AB8060BF1EE9443E003340CD /* Assets.xcassets */ = {isa = PBXFileReference; lastKnownFileType = folder.assetcatalog; path = Assets.xcassets; sourceTree = "<group>"; };
		AB8060C21EE9443E003340CD /* Base */ = {isa = PBXFileReference; lastKnownFileType = file.storyboard; name = Base; path = Base.lproj/LaunchScreen.storyboard; sourceTree = "<group>"; };
		AB8060C41EE9443E003340CD /* Info.plist */ = {isa = PBXFileReference; lastKnownFileType = text.plist.xml; path = Info.plist; sourceTree = "<group>"; };
		AB8060C91EE9443E003340CD /* protoclModelTests.xctest */ = {isa = PBXFileReference; explicitFileType = wrapper.cfbundle; includeInIndex = 0; path = protoclModelTests.xctest; sourceTree = BUILT_PRODUCTS_DIR; };
		AB8060CD1EE9443E003340CD /* protoclModelTests.m */ = {isa = PBXFileReference; lastKnownFileType = sourcecode.c.objc; path = protoclModelTests.m; sourceTree = "<group>"; };
		AB8060CF1EE9443E003340CD /* Info.plist */ = {isa = PBXFileReference; lastKnownFileType = text.plist.xml; path = Info.plist; sourceTree = "<group>"; };
		AB8060D41EE9443E003340CD /* protoclModelUITests.xctest */ = {isa = PBXFileReference; explicitFileType = wrapper.cfbundle; includeInIndex = 0; path = protoclModelUITests.xctest; sourceTree = BUILT_PRODUCTS_DIR; };
		AB8060D81EE9443E003340CD /* protoclModelUITests.m */ = {isa = PBXFileReference; lastKnownFileType = sourcecode.c.objc; path = protoclModelUITests.m; sourceTree = "<group>"; };
		AB8060DA1EE9443E003340CD /* Info.plist */ = {isa = PBXFileReference; lastKnownFileType = text.plist.xml; path = Info.plist; sourceTree = "<group>"; };
		AB8060E61EE94475003340CD /* View1.h */ = {isa = PBXFileReference; fileEncoding = 4; lastKnownFileType = sourcecode.c.h; path = View1.h; sourceTree = "<group>"; };
		AB8060E71EE94475003340CD /* View1.m */ = {isa = PBXFileReference; fileEncoding = 4; lastKnownFileType = sourcecode.c.objc; path = View1.m; sourceTree = "<group>"; };
		AB8060E91EE944BF003340CD /* View2.h */ = {isa = PBXFileReference; fileEncoding = 4; lastKnownFileType = sourcecode.c.h; path = View2.h; sourceTree = "<group>"; };
		AB8060EA1EE944BF003340CD /* View2.m */ = {isa = PBXFileReference; fileEncoding = 4; lastKnownFileType = sourcecode.c.objc; path = View2.m; sourceTree = "<group>"; };
		AB8060EC1EE94501003340CD /* ViewProtocol.h */ = {isa = PBXFileReference; fileEncoding = 4; lastKnownFileType = sourcecode.c.h; path = ViewProtocol.h; sourceTree = "<group>"; };
		AB8060ED1EE94CA1003340CD /* ViewFactory.h */ = {isa = PBXFileReference; fileEncoding = 4; lastKnownFileType = sourcecode.c.h; path = ViewFactory.h; sourceTree = "<group>"; };
		AB8060EE1EE94CA1003340CD /* ViewFactory.m */ = {isa = PBXFileReference; fileEncoding = 4; lastKnownFileType = sourcecode.c.objc; path = ViewFactory.m; sourceTree = "<group>"; };
/* End PBXFileReference section */

/* Begin PBXFrameworksBuildPhase section */
		AB8060AD1EE9443E003340CD /* Frameworks */ = {
			isa = PBXFrameworksBuildPhase;
			buildActionMask = 2147483647;
			files = (
			);
			runOnlyForDeploymentPostprocessing = 0;
		};
		AB8060C61EE9443E003340CD /* Frameworks */ = {
			isa = PBXFrameworksBuildPhase;
			buildActionMask = 2147483647;
			files = (
			);
			runOnlyForDeploymentPostprocessing = 0;
		};
		AB8060D11EE9443E003340CD /* Frameworks */ = {
			isa = PBXFrameworksBuildPhase;
			buildActionMask = 2147483647;
			files = (
			);
			runOnlyForDeploymentPostprocessing = 0;
		};
/* End PBXFrameworksBuildPhase section */

/* Begin PBXGroup section */
		AB524D731EEA3A9400871B87 /* protocol */ = {
			isa = PBXGroup;
			children = (
				AB524D651EEA347800871B87 /* Cell2.xib */,
				AB524D601EEA311C00871B87 /* Cell1.xib */,
				AB6E83A31EEE5CF100D3FD07 /* Cell3.xib */,
				AB6E83A51EEE5E9400D3FD07 /* Cell4.xib */,
				AB6E83A71EEE5ED000D3FD07 /* Cell4.h */,
				AB6E83A81EEE5ED000D3FD07 /* Cell4.m */,
				AB524D671EEA363800871B87 /* Cell1.h */,
				AB524D681EEA363800871B87 /* Cell1.m */,
				AB524D6A1EEA365F00871B87 /* Cell2.h */,
				AB524D6B1EEA365F00871B87 /* Cell2.m */,
				AB524D6D1EEA366F00871B87 /* Cell3.h */,
				AB524D6E1EEA366F00871B87 /* Cell3.m */,
				AB524D781EEA46F400871B87 /* cellModel.h */,
				AB524D791EEA496C00871B87 /* CellFactory.h */,
				AB524D7A1EEA496C00871B87 /* CellFactory.m */,
			);
			path = protocol;
			sourceTree = "<group>";
		};
		AB8060A71EE9443E003340CD = {
			isa = PBXGroup;
			children = (
				AB8060B21EE9443E003340CD /* protoclModel */,
				AB8060CC1EE9443E003340CD /* protoclModelTests */,
				AB8060D71EE9443E003340CD /* protoclModelUITests */,
				AB8060B11EE9443E003340CD /* Products */,
			);
			sourceTree = "<group>";
		};
		AB8060B11EE9443E003340CD /* Products */ = {
			isa = PBXGroup;
			children = (
				AB8060B01EE9443E003340CD /* protoclModel.app */,
				AB8060C91EE9443E003340CD /* protoclModelTests.xctest */,
				AB8060D41EE9443E003340CD /* protoclModelUITests.xctest */,
			);
			name = Products;
			sourceTree = "<group>";
		};
		AB8060B21EE9443E003340CD /* protoclModel */ = {
			isa = PBXGroup;
			children = (
				AB524D731EEA3A9400871B87 /* protocol */,
				AB8060B61EE9443E003340CD /* AppDelegate.h */,
				AB8060B71EE9443E003340CD /* AppDelegate.m */,
				AB8060B91EE9443E003340CD /* ViewController.h */,
				AB8060BA1EE9443E003340CD /* ViewController.m */,
				AB8060ED1EE94CA1003340CD /* ViewFactory.h */,
				AB8060EE1EE94CA1003340CD /* ViewFactory.m */,
				AB8060EC1EE94501003340CD /* ViewProtocol.h */,
				AB8060E61EE94475003340CD /* View1.h */,
				AB8060E71EE94475003340CD /* View1.m */,
				AB8060E91EE944BF003340CD /* View2.h */,
				AB8060EA1EE944BF003340CD /* View2.m */,
				AB8060BC1EE9443E003340CD /* Main.storyboard */,
				AB8060BF1EE9443E003340CD /* Assets.xcassets */,
				AB8060C11EE9443E003340CD /* LaunchScreen.storyboard */,
				AB8060C41EE9443E003340CD /* Info.plist */,
				AB8060B31EE9443E003340CD /* Supporting Files */,
				AB524D621EEA321500871B87 /* TableViewController.h */,
				AB524D631EEA321500871B87 /* TableViewController.m */,
			);
			path = protoclModel;
			sourceTree = "<group>";
		};
		AB8060B31EE9443E003340CD /* Supporting Files */ = {
			isa = PBXGroup;
			children = (
				AB8060B41EE9443E003340CD /* main.m */,
				AB3FF3871EEBF05700852798 /* Tools.h */,
				AB3FF3881EEBF05700852798 /* Tools.m */,
			);
			name = "Supporting Files";
			sourceTree = "<group>";
		};
		AB8060CC1EE9443E003340CD /* protoclModelTests */ = {
			isa = PBXGroup;
			children = (
				AB8060CD1EE9443E003340CD /* protoclModelTests.m */,
				AB8060CF1EE9443E003340CD /* Info.plist */,
			);
			path = protoclModelTests;
			sourceTree = "<group>";
		};
		AB8060D71EE9443E003340CD /* protoclModelUITests */ = {
			isa = PBXGroup;
			children = (
				AB8060D81EE9443E003340CD /* protoclModelUITests.m */,
				AB8060DA1EE9443E003340CD /* Info.plist */,
			);
			path = protoclModelUITests;
			sourceTree = "<group>";
		};
/* End PBXGroup section */

/* Begin PBXNativeTarget section */
		AB8060AF1EE9443E003340CD /* protoclModel */ = {
			isa = PBXNativeTarget;
			buildConfigurationList = AB8060DD1EE9443E003340CD /* Build configuration list for PBXNativeTarget "protoclModel" */;
			buildPhases = (
				AB8060AC1EE9443E003340CD /* Sources */,
				AB8060AD1EE9443E003340CD /* Frameworks */,
				AB8060AE1EE9443E003340CD /* Resources */,
			);
			buildRules = (
			);
			dependencies = (
			);
			name = protoclModel;
			productName = protoclModel;
			productReference = AB8060B01EE9443E003340CD /* protoclModel.app */;
			productType = "com.apple.product-type.application";
		};
		AB8060C81EE9443E003340CD /* protoclModelTests */ = {
			isa = PBXNativeTarget;
			buildConfigurationList = AB8060E01EE9443E003340CD /* Build configuration list for PBXNativeTarget "protoclModelTests" */;
			buildPhases = (
				AB8060C51EE9443E003340CD /* Sources */,
				AB8060C61EE9443E003340CD /* Frameworks */,
				AB8060C71EE9443E003340CD /* Resources */,
			);
			buildRules = (
			);
			dependencies = (
				AB8060CB1EE9443E003340CD /* PBXTargetDependency */,
			);
			name = protoclModelTests;
			productName = protoclModelTests;
			productReference = AB8060C91EE9443E003340CD /* protoclModelTests.xctest */;
			productType = "com.apple.product-type.bundle.unit-test";
		};
		AB8060D31EE9443E003340CD /* protoclModelUITests */ = {
			isa = PBXNativeTarget;
			buildConfigurationList = AB8060E31EE9443E003340CD /* Build configuration list for PBXNativeTarget "protoclModelUITests" */;
			buildPhases = (
				AB8060D01EE9443E003340CD /* Sources */,
				AB8060D11EE9443E003340CD /* Frameworks */,
				AB8060D21EE9443E003340CD /* Resources */,
			);
			buildRules = (
			);
			dependencies = (
				AB8060D61EE9443E003340CD /* PBXTargetDependency */,
			);
			name = protoclModelUITests;
			productName = protoclModelUITests;
			productReference = AB8060D41EE9443E003340CD /* protoclModelUITests.xctest */;
			productType = "com.apple.product-type.bundle.ui-testing";
		};
/* End PBXNativeTarget section */

/* Begin PBXProject section */
		AB8060A81EE9443E003340CD /* Project object */ = {
			isa = PBXProject;
			attributes = {
				LastUpgradeCheck = 0820;
				ORGANIZATIONNAME = lf;
				TargetAttributes = {
					AB8060AF1EE9443E003340CD = {
						CreatedOnToolsVersion = 8.2.1;
						DevelopmentTeam = V5A9RL2F25;
						ProvisioningStyle = Automatic;
					};
					AB8060C81EE9443E003340CD = {
						CreatedOnToolsVersion = 8.2.1;
						DevelopmentTeam = V5A9RL2F25;
						ProvisioningStyle = Automatic;
						TestTargetID = AB8060AF1EE9443E003340CD;
					};
					AB8060D31EE9443E003340CD = {
						CreatedOnToolsVersion = 8.2.1;
						DevelopmentTeam = V5A9RL2F25;
						ProvisioningStyle = Automatic;
						TestTargetID = AB8060AF1EE9443E003340CD;
					};
				};
			};
			buildConfigurationList = AB8060AB1EE9443E003340CD /* Build configuration list for PBXProject "protoclModel" */;
			compatibilityVersion = "Xcode 3.2";
			developmentRegion = English;
			hasScannedForEncodings = 0;
			knownRegions = (
				en,
				Base,
			);
			mainGroup = AB8060A71EE9443E003340CD;
			productRefGroup = AB8060B11EE9443E003340CD /* Products */;
			projectDirPath = "";
			projectRoot = "";
			targets = (
				AB8060AF1EE9443E003340CD /* protoclModel */,
				AB8060C81EE9443E003340CD /* protoclModelTests */,
				AB8060D31EE9443E003340CD /* protoclModelUITests */,
			);
		};
/* End PBXProject section */

/* Begin PBXResourcesBuildPhase section */
		AB8060AE1EE9443E003340CD /* Resources */ = {
			isa = PBXResourcesBuildPhase;
			buildActionMask = 2147483647;
			files = (
				AB8060C31EE9443E003340CD /* LaunchScreen.storyboard in Resources */,
				AB6E83A41EEE5CF100D3FD07 /* Cell3.xib in Resources */,
				AB8060C01EE9443E003340CD /* Assets.xcassets in Resources */,
				AB6E83A61EEE5E9400D3FD07 /* Cell4.xib in Resources */,
				AB8060BE1EE9443E003340CD /* Main.storyboard in Resources */,
				AB524D661EEA347800871B87 /* Cell2.xib in Resources */,
				AB524D611EEA311C00871B87 /* Cell1.xib in Resources */,
			);
			runOnlyForDeploymentPostprocessing = 0;
		};
		AB8060C71EE9443E003340CD /* Resources */ = {
			isa = PBXResourcesBuildPhase;
			buildActionMask = 2147483647;
			files = (
			);
			runOnlyForDeploymentPostprocessing = 0;
		};
		AB8060D21EE9443E003340CD /* Resources */ = {
			isa = PBXResourcesBuildPhase;
			buildActionMask = 2147483647;
			files = (
			);
			runOnlyForDeploymentPostprocessing = 0;
		};
/* End PBXResourcesBuildPhase section */

/* Begin PBXSourcesBuildPhase section */
		AB8060AC1EE9443E003340CD /* Sources */ = {
			isa = PBXSourcesBuildPhase;
			buildActionMask = 2147483647;
			files = (
				AB8060BB1EE9443E003340CD /* ViewController.m in Sources */,
				AB8060B81EE9443E003340CD /* AppDelegate.m in Sources */,
				AB6E83A91EEE5ED000D3FD07 /* Cell4.m in Sources */,
				AB8060EB1EE944BF003340CD /* View2.m in Sources */,
				AB3FF3891EEBF05700852798 /* Tools.m in Sources */,
				AB524D701EEA366F00871B87 /* Cell3.m in Sources */,
				AB524D6C1EEA365F00871B87 /* Cell2.m in Sources */,
				AB524D691EEA363800871B87 /* Cell1.m in Sources */,
				AB8060E81EE94475003340CD /* View1.m in Sources */,
				AB8060B51EE9443E003340CD /* main.m in Sources */,
				AB524D641EEA321500871B87 /* TableViewController.m in Sources */,
				AB8060EF1EE94CA1003340CD /* ViewFactory.m in Sources */,
				AB524D7B1EEA496C00871B87 /* CellFactory.m in Sources */,
			);
			runOnlyForDeploymentPostprocessing = 0;
		};
		AB8060C51EE9443E003340CD /* Sources */ = {
			isa = PBXSourcesBuildPhase;
			buildActionMask = 2147483647;
			files = (
				AB8060CE1EE9443E003340CD /* protoclModelTests.m in Sources */,
			);
			runOnlyForDeploymentPostprocessing = 0;
		};
		AB8060D01EE9443E003340CD /* Sources */ = {
			isa = PBXSourcesBuildPhase;
			buildActionMask = 2147483647;
			files = (
				AB8060D91EE9443E003340CD /* protoclModelUITests.m in Sources */,
			);
			runOnlyForDeploymentPostprocessing = 0;
		};
/* End PBXSourcesBuildPhase section */

/* Begin PBXTargetDependency section */
		AB8060CB1EE9443E003340CD /* PBXTargetDependency */ = {
			isa = PBXTargetDependency;
			target = AB8060AF1EE9443E003340CD /* protoclModel */;
			targetProxy = AB8060CA1EE9443E003340CD /* PBXContainerItemProxy */;
		};
		AB8060D61EE9443E003340CD /* PBXTargetDependency */ = {
			isa = PBXTargetDependency;
			target = AB8060AF1EE9443E003340CD /* protoclModel */;
			targetProxy = AB8060D51EE9443E003340CD /* PBXContainerItemProxy */;
		};
/* End PBXTargetDependency section */

/* Begin PBXVariantGroup section */
		AB8060BC1EE9443E003340CD /* Main.storyboard */ = {
			isa = PBXVariantGroup;
			children = (
				AB8060BD1EE9443E003340CD /* Base */,
			);
			name = Main.storyboard;
			sourceTree = "<group>";
		};
		AB8060C11EE9443E003340CD /* LaunchScreen.storyboard */ = {
			isa = PBXVariantGroup;
			children = (
				AB8060C21EE9443E003340CD /* Base */,
			);
			name = LaunchScreen.storyboard;
			sourceTree = "<group>";
		};
/* End PBXVariantGroup section */

/* Begin XCBuildConfiguration section */
		AB8060DB1EE9443E003340CD /* Debug */ = {
			isa = XCBuildConfiguration;
			buildSettings = {
				ALWAYS_SEARCH_USER_PATHS = NO;
				CLANG_ANALYZER_NONNULL = YES;
				CLANG_CXX_LANGUAGE_STANDARD = "gnu++0x";
				CLANG_CXX_LIBRARY = "libc++";
				CLANG_ENABLE_MODULES = YES;
				CLANG_ENABLE_OBJC_ARC = YES;
				CLANG_WARN_BOOL_CONVERSION = YES;
				CLANG_WARN_CONSTANT_CONVERSION = YES;
				CLANG_WARN_DIRECT_OBJC_ISA_USAGE = YES_ERROR;
				CLANG_WARN_DOCUMENTATION_COMMENTS = YES;
				CLANG_WARN_EMPTY_BODY = YES;
				CLANG_WARN_ENUM_CONVERSION = YES;
				CLANG_WARN_INFINITE_RECURSION = YES;
				CLANG_WARN_INT_CONVERSION = YES;
				CLANG_WARN_OBJC_ROOT_CLASS = YES_ERROR;
				CLANG_WARN_SUSPICIOUS_MOVE = YES;
				CLANG_WARN_UNREACHABLE_CODE = YES;
				CLANG_WARN__DUPLICATE_METHOD_MATCH = YES;
				"CODE_SIGN_IDENTITY[sdk=iphoneos*]" = "iPhone Developer";
				COPY_PHASE_STRIP = NO;
				DEBUG_INFORMATION_FORMAT = dwarf;
				ENABLE_STRICT_OBJC_MSGSEND = YES;
				ENABLE_TESTABILITY = YES;
				GCC_C_LANGUAGE_STANDARD = gnu99;
				GCC_DYNAMIC_NO_PIC = NO;
				GCC_NO_COMMON_BLOCKS = YES;
				GCC_OPTIMIZATION_LEVEL = 0;
				GCC_PREPROCESSOR_DEFINITIONS = (
					"DEBUG=1",
					"$(inherited)",
				);
				GCC_WARN_64_TO_32_BIT_CONVERSION = YES;
				GCC_WARN_ABOUT_RETURN_TYPE = YES_ERROR;
				GCC_WARN_UNDECLARED_SELECTOR = YES;
				GCC_WARN_UNINITIALIZED_AUTOS = YES_AGGRESSIVE;
				GCC_WARN_UNUSED_FUNCTION = YES;
				GCC_WARN_UNUSED_VARIABLE = YES;
				IPHONEOS_DEPLOYMENT_TARGET = 9.0;
				MTL_ENABLE_DEBUG_INFO = YES;
				ONLY_ACTIVE_ARCH = YES;
				SDKROOT = iphoneos;
				TARGETED_DEVICE_FAMILY = "1,2";
			};
			name = Debug;
		};
		AB8060DC1EE9443E003340CD /* Release */ = {
			isa = XCBuildConfiguration;
			buildSettings = {
				ALWAYS_SEARCH_USER_PATHS = NO;
				CLANG_ANALYZER_NONNULL = YES;
				CLANG_CXX_LANGUAGE_STANDARD = "gnu++0x";
				CLANG_CXX_LIBRARY = "libc++";
				CLANG_ENABLE_MODULES = YES;
				CLANG_ENABLE_OBJC_ARC = YES;
				CLANG_WARN_BOOL_CONVERSION = YES;
				CLANG_WARN_CONSTANT_CONVERSION = YES;
				CLANG_WARN_DIRECT_OBJC_ISA_USAGE = YES_ERROR;
				CLANG_WARN_DOCUMENTATION_COMMENTS = YES;
				CLANG_WARN_EMPTY_BODY = YES;
				CLANG_WARN_ENUM_CONVERSION = YES;
				CLANG_WARN_INFINITE_RECURSION = YES;
				CLANG_WARN_INT_CONVERSION = YES;
				CLANG_WARN_OBJC_ROOT_CLASS = YES_ERROR;
				CLANG_WARN_SUSPICIOUS_MOVE = YES;
				CLANG_WARN_UNREACHABLE_CODE = YES;
				CLANG_WARN__DUPLICATE_METHOD_MATCH = YES;
				"CODE_SIGN_IDENTITY[sdk=iphoneos*]" = "iPhone Developer";
				COPY_PHASE_STRIP = NO;
				DEBUG_INFORMATION_FORMAT = "dwarf-with-dsym";
				ENABLE_NS_ASSERTIONS = NO;
				ENABLE_STRICT_OBJC_MSGSEND = YES;
				GCC_C_LANGUAGE_STANDARD = gnu99;
				GCC_NO_COMMON_BLOCKS = YES;
				GCC_WARN_64_TO_32_BIT_CONVERSION = YES;
				GCC_WARN_ABOUT_RETURN_TYPE = YES_ERROR;
				GCC_WARN_UNDECLARED_SELECTOR = YES;
				GCC_WARN_UNINITIALIZED_AUTOS = YES_AGGRESSIVE;
				GCC_WARN_UNUSED_FUNCTION = YES;
				GCC_WARN_UNUSED_VARIABLE = YES;
				IPHONEOS_DEPLOYMENT_TARGET = 9.0;
				MTL_ENABLE_DEBUG_INFO = NO;
				SDKROOT = iphoneos;
				TARGETED_DEVICE_FAMILY = "1,2";
				VALIDATE_PRODUCT = YES;
			};
			name = Release;
		};
		AB8060DE1EE9443E003340CD /* Debug */ = {
			isa = XCBuildConfiguration;
			buildSettings = {
				ASSETCATALOG_COMPILER_APPICON_NAME = AppIcon;
				DEVELOPMENT_TEAM = V5A9RL2F25;
				INFOPLIST_FILE = protoclModel/Info.plist;
				LD_RUNPATH_SEARCH_PATHS = "$(inherited) @executable_path/Frameworks";
				PRODUCT_BUNDLE_IDENTIFIER = com.sess.varpropety.protoclModel;
				PRODUCT_NAME = "$(TARGET_NAME)";
			};
			name = Debug;
		};
		AB8060DF1EE9443E003340CD /* Release */ = {
			isa = XCBuildConfiguration;
			buildSettings = {
				ASSETCATALOG_COMPILER_APPICON_NAME = AppIcon;
				DEVELOPMENT_TEAM = V5A9RL2F25;
				INFOPLIST_FILE = protoclModel/Info.plist;
				LD_RUNPATH_SEARCH_PATHS = "$(inherited) @executable_path/Frameworks";
				PRODUCT_BUNDLE_IDENTIFIER = com.sess.varpropety.protoclModel;
				PRODUCT_NAME = "$(TARGET_NAME)";
			};
			name = Release;
		};
		AB8060E11EE9443E003340CD /* Debug */ = {
			isa = XCBuildConfiguration;
			buildSettings = {
				BUNDLE_LOADER = "$(TEST_HOST)";
				DEVELOPMENT_TEAM = V5A9RL2F25;
				INFOPLIST_FILE = protoclModelTests/Info.plist;
				LD_RUNPATH_SEARCH_PATHS = "$(inherited) @executable_path/Frameworks @loader_path/Frameworks";
				PRODUCT_BUNDLE_IDENTIFIER = com.sess.varpropety.protoclModelTests;
				PRODUCT_NAME = "$(TARGET_NAME)";
				TEST_HOST = "$(BUILT_PRODUCTS_DIR)/protoclModel.app/protoclModel";
			};
			name = Debug;
		};
		AB8060E21EE9443E003340CD /* Release */ = {
			isa = XCBuildConfiguration;
			buildSettings = {
				BUNDLE_LOADER = "$(TEST_HOST)";
				DEVELOPMENT_TEAM = V5A9RL2F25;
				INFOPLIST_FILE = protoclModelTests/Info.plist;
				LD_RUNPATH_SEARCH_PATHS = "$(inherited) @executable_path/Frameworks @loader_path/Frameworks";
				PRODUCT_BUNDLE_IDENTIFIER = com.sess.varpropety.protoclModelTests;
				PRODUCT_NAME = "$(TARGET_NAME)";
				TEST_HOST = "$(BUILT_PRODUCTS_DIR)/protoclModel.app/protoclModel";
			};
			name = Release;
		};
		AB8060E41EE9443E003340CD /* Debug */ = {
			isa = XCBuildConfiguration;
			buildSettings = {
				DEVELOPMENT_TEAM = V5A9RL2F25;
				INFOPLIST_FILE = protoclModelUITests/Info.plist;
				LD_RUNPATH_SEARCH_PATHS = "$(inherited) @executable_path/Frameworks @loader_path/Frameworks";
				PRODUCT_BUNDLE_IDENTIFIER = com.sess.varpropety.protoclModelUITests;
				PRODUCT_NAME = "$(TARGET_NAME)";
				TEST_TARGET_NAME = protoclModel;
			};
			name = Debug;
		};
		AB8060E51EE9443E003340CD /* Release */ = {
			isa = XCBuildConfiguration;
			buildSettings = {
				DEVELOPMENT_TEAM = V5A9RL2F25;
				INFOPLIST_FILE = protoclModelUITests/Info.plist;
				LD_RUNPATH_SEARCH_PATHS = "$(inherited) @executable_path/Frameworks @loader_path/Frameworks";
				PRODUCT_BUNDLE_IDENTIFIER = com.sess.varpropety.protoclModelUITests;
				PRODUCT_NAME = "$(TARGET_NAME)";
				TEST_TARGET_NAME = protoclModel;
			};
			name = Release;
		};
/* End XCBuildConfiguration section */

/* Begin XCConfigurationList section */
		AB8060AB1EE9443E003340CD /* Build configuration list for PBXProject "protoclModel" */ = {
			isa = XCConfigurationList;
			buildConfigurations = (
				AB8060DB1EE9443E003340CD /* Debug */,
				AB8060DC1EE9443E003340CD /* Release */,
			);
			defaultConfigurationIsVisible = 0;
			defaultConfigurationName = Release;
		};
		AB8060DD1EE9443E003340CD /* Build configuration list for PBXNativeTarget "protoclModel" */ = {
			isa = XCConfigurationList;
			buildConfigurations = (
				AB8060DE1EE9443E003340CD /* Debug */,
				AB8060DF1EE9443E003340CD /* Release */,
			);
			defaultConfigurationIsVisible = 0;
			defaultConfigurationName = Release;
		};
		AB8060E01EE9443E003340CD /* Build configuration list for PBXNativeTarget "protoclModelTests" */ = {
			isa = XCConfigurationList;
			buildConfigurations = (
				AB8060E11EE9443E003340CD /* Debug */,
				AB8060E21EE9443E003340CD /* Release */,
			);
			defaultConfigurationIsVisible = 0;
			defaultConfigurationName = Release;
		};
		AB8060E31EE9443E003340CD /* Build configuration list for PBXNativeTarget "protoclModelUITests" */ = {
			isa = XCConfigurationList;
			buildConfigurations = (
				AB8060E41EE9443E003340CD /* Debug */,
				AB8060E51EE9443E003340CD /* Release */,
			);
			defaultConfigurationIsVisible = 0;
			defaultConfigurationName = Release;
		};
/* End XCConfigurationList section */
	};
	rootObject = AB8060A81EE9443E003340CD /* Project object */;
}
